
Microsoft Visual Studio Solution File, Format Version 12.00
# Visual Studio Version 17
VisualStudioVersion = 17.0.31903.59
MinimumVisualStudioVersion = 10.0.40219.1
Project("{FAE04EC0-301F-11D3-BF4B-00C04F79EFBC}") = "Sweeter", "Sweeter\Sweeter.csproj", "{C1C53ED2-720E-40D3-A306-C612633AAFE0}"
EndProject
Global
	GlobalSection(SolutionConfigurationPlatforms) = preSolution
		Debug|Any CPU = Debug|Any CPU
		Release|Any CPU = Release|Any CPU
	EndGlobalSection
	GlobalSection(ProjectConfigurationPlatforms) = postSolution
		{C1C53ED2-720E-40D3-A306-C612633AAFE0}.Debug|Any CPU.ActiveCfg = Debug|Any CPU
		{C1C53ED2-720E-40D3-A306-C612633AAFE0}.Debug|Any CPU.Build.0 = Debug|Any CPU
		{C1C53ED2-720E-40D3-A306-C612633AAFE0}.Release|Any CPU.ActiveCfg = Release|Any CPU
		{C1C53ED2-720E-40D3-A306-C612633AAFE0}.Release|Any CPU.Build.0 = Release|Any CPU
	EndGlobalSection
	GlobalSection(SolutionProperties) = preSolution
		HideSolutionNode = FALSE
	EndGlobalSection
	GlobalSection(ExtensibilityGlobals) = postSolution
		SolutionGuid = {53098AF7-6042-4725-BE3E-B19F7ADC4AD7}
	EndGlobalSection
EndGlobal
