
Microsoft Visual Studio Solution File, Format Version 12.00
# Visual Studio Version 16
VisualStudioVersion = 16.0.810.19
MinimumVisualStudioVersion = 10.0.40219.1
Project("{FAE04EC0-301F-11D3-BF4B-00C04F79EFBC}") = "WebAppECartDemo", "WebAppECartDemo.csproj", "{28278BBA-89A8-4FC9-9890-C05A1E4021E1}"
EndProject
Global
	GlobalSection(SolutionConfigurationPlatforms) = preSolution
		Debug|Any CPU = Debug|Any CPU
		Release|Any CPU = Release|Any CPU
	EndGlobalSection
	GlobalSection(ProjectConfigurationPlatforms) = postSolution
		{28278BBA-89A8-4FC9-9890-C05A1E4021E1}.Debug|Any CPU.ActiveCfg = Debug|Any CPU
		{28278BBA-89A8-4FC9-9890-C05A1E4021E1}.Debug|Any CPU.Build.0 = Debug|Any CPU
		{28278BBA-89A8-4FC9-9890-C05A1E4021E1}.Release|Any CPU.ActiveCfg = Release|Any CPU
		{28278BBA-89A8-4FC9-9890-C05A1E4021E1}.Release|Any CPU.Build.0 = Release|Any CPU
	EndGlobalSection
	GlobalSection(SolutionProperties) = preSolution
		HideSolutionNode = FALSE
	EndGlobalSection
	GlobalSection(ExtensibilityGlobals) = postSolution
		SolutionGuid = {8EF8D501-F5F1-4706-A9E1-637E6006EF24}
	EndGlobalSection
EndGlobal
