
Microsoft Visual Studio Solution File, Format Version 11.00
# Visual Studio 2010
Project("{E24C65DC-7377-472B-9ABA-BC803B73C61A}") = "OXYWATCH", ".", "{7358F4D3-6ECF-45BD-A3BD-65CFA1F69DDE}"
	ProjectSection(WebsiteProperties) = preProject
		TargetFrameworkMoniker = ".NETFramework,Version%3Dv2.0"
		Debug.AspNetCompiler.VirtualPath = "/OXYWATCH"
		Debug.AspNetCompiler.PhysicalPath = "..\OXYWATCH\"
		Debug.AspNetCompiler.TargetPath = "PrecompiledWeb\OXYWATCH\"
		Debug.AspNetCompiler.Updateable = "true"
		Debug.AspNetCompiler.ForceOverwrite = "true"
		Debug.AspNetCompiler.FixedNames = "false"
		Debug.AspNetCompiler.Debug = "True"
		Release.AspNetCompiler.VirtualPath = "/OXYWATCH"
		Release.AspNetCompiler.PhysicalPath = "..\OXYWATCH\"
		Release.AspNetCompiler.TargetPath = "PrecompiledWeb\OXYWATCH\"
		Release.AspNetCompiler.Updateable = "true"
		Release.AspNetCompiler.ForceOverwrite = "true"
		Release.AspNetCompiler.FixedNames = "false"
		Release.AspNetCompiler.Debug = "False"
		VWDPort = "38943"
	EndProjectSection
EndProject
Global
	GlobalSection(SolutionConfigurationPlatforms) = preSolution
		Debug|Any CPU = Debug|Any CPU
	EndGlobalSection
	GlobalSection(ProjectConfigurationPlatforms) = postSolution
		{7358F4D3-6ECF-45BD-A3BD-65CFA1F69DDE}.Debug|Any CPU.ActiveCfg = Debug|Any CPU
		{7358F4D3-6ECF-45BD-A3BD-65CFA1F69DDE}.Debug|Any CPU.Build.0 = Debug|Any CPU
	EndGlobalSection
	GlobalSection(SolutionProperties) = preSolution
		HideSolutionNode = FALSE
	EndGlobalSection
EndGlobal
