
Microsoft Visual Studio Solution File, Format Version 12.00
# Visual Studio 15
VisualStudioVersion = 15.0.26124.0
MinimumVisualStudioVersion = 15.0.26124.0
Project("{FAE04EC0-301F-11D3-BF4B-00C04F79EFBC}") = "Domain", "Domain\Domain.csproj", "{AD2F5F8B-EB15-4F85-AF68-2BC4D5D485D2}"
EndProject
Project("{FAE04EC0-301F-11D3-BF4B-00C04F79EFBC}") = "Application", "Application\Application.csproj", "{EE1C81D4-C935-4015-8F3C-E9C92B4BC962}"
EndProject
Project("{FAE04EC0-301F-11D3-BF4B-00C04F79EFBC}") = "Persistence", "Persistence\Persistence.csproj", "{A81A0948-36E1-41BD-9587-0248B9F1CCFD}"
EndProject
Project("{FAE04EC0-301F-11D3-BF4B-00C04F79EFBC}") = "API", "API\API.csproj", "{42E1DD51-8B6F-4483-AD73-43210D95659B}"
EndProject
Project("{2150E333-8FDC-42A3-9474-1A3956D46DE8}") = "Solution Items", "Solution Items", "{E370495B-0947-4AD3-BEBF-47FAE3222263}"
	ProjectSection(SolutionItems) = preProject
		.editorconfig = .editorconfig
	EndProjectSection
EndProject
Global
	GlobalSection(SolutionConfigurationPlatforms) = preSolution
		Debug|Any CPU = Debug|Any CPU
		Debug|x64 = Debug|x64
		Debug|x86 = Debug|x86
		Release|Any CPU = Release|Any CPU
		Release|x64 = Release|x64
		Release|x86 = Release|x86
	EndGlobalSection
	GlobalSection(SolutionProperties) = preSolution
		HideSolutionNode = FALSE
	EndGlobalSection
	GlobalSection(ProjectConfigurationPlatforms) = postSolution
		{AD2F5F8B-EB15-4F85-AF68-2BC4D5D485D2}.Debug|Any CPU.ActiveCfg = Debug|Any CPU
		{AD2F5F8B-EB15-4F85-AF68-2BC4D5D485D2}.Debug|Any CPU.Build.0 = Debug|Any CPU
		{AD2F5F8B-EB15-4F85-AF68-2BC4D5D485D2}.Debug|x64.ActiveCfg = Debug|Any CPU
		{AD2F5F8B-EB15-4F85-AF68-2BC4D5D485D2}.Debug|x64.Build.0 = Debug|Any CPU
		{AD2F5F8B-EB15-4F85-AF68-2BC4D5D485D2}.Debug|x86.ActiveCfg = Debug|Any CPU
		{AD2F5F8B-EB15-4F85-AF68-2BC4D5D485D2}.Debug|x86.Build.0 = Debug|Any CPU
		{AD2F5F8B-EB15-4F85-AF68-2BC4D5D485D2}.Release|Any CPU.ActiveCfg = Release|Any CPU
		{AD2F5F8B-EB15-4F85-AF68-2BC4D5D485D2}.Release|Any CPU.Build.0 = Release|Any CPU
		{AD2F5F8B-EB15-4F85-AF68-2BC4D5D485D2}.Release|x64.ActiveCfg = Release|Any CPU
		{AD2F5F8B-EB15-4F85-AF68-2BC4D5D485D2}.Release|x64.Build.0 = Release|Any CPU
		{AD2F5F8B-EB15-4F85-AF68-2BC4D5D485D2}.Release|x86.ActiveCfg = Release|Any CPU
		{AD2F5F8B-EB15-4F85-AF68-2BC4D5D485D2}.Release|x86.Build.0 = Release|Any CPU
		{EE1C81D4-C935-4015-8F3C-E9C92B4BC962}.Debug|Any CPU.ActiveCfg = Debug|Any CPU
		{EE1C81D4-C935-4015-8F3C-E9C92B4BC962}.Debug|Any CPU.Build.0 = Debug|Any CPU
		{EE1C81D4-C935-4015-8F3C-E9C92B4BC962}.Debug|x64.ActiveCfg = Debug|Any CPU
		{EE1C81D4-C935-4015-8F3C-E9C92B4BC962}.Debug|x64.Build.0 = Debug|Any CPU
		{EE1C81D4-C935-4015-8F3C-E9C92B4BC962}.Debug|x86.ActiveCfg = Debug|Any CPU
		{EE1C81D4-C935-4015-8F3C-E9C92B4BC962}.Debug|x86.Build.0 = Debug|Any CPU
		{EE1C81D4-C935-4015-8F3C-E9C92B4BC962}.Release|Any CPU.ActiveCfg = Release|Any CPU
		{EE1C81D4-C935-4015-8F3C-E9C92B4BC962}.Release|Any CPU.Build.0 = Release|Any CPU
		{EE1C81D4-C935-4015-8F3C-E9C92B4BC962}.Release|x64.ActiveCfg = Release|Any CPU
		{EE1C81D4-C935-4015-8F3C-E9C92B4BC962}.Release|x64.Build.0 = Release|Any CPU
		{EE1C81D4-C935-4015-8F3C-E9C92B4BC962}.Release|x86.ActiveCfg = Release|Any CPU
		{EE1C81D4-C935-4015-8F3C-E9C92B4BC962}.Release|x86.Build.0 = Release|Any CPU
		{A81A0948-36E1-41BD-9587-0248B9F1CCFD}.Debug|Any CPU.ActiveCfg = Debug|Any CPU
		{A81A0948-36E1-41BD-9587-0248B9F1CCFD}.Debug|Any CPU.Build.0 = Debug|Any CPU
		{A81A0948-36E1-41BD-9587-0248B9F1CCFD}.Debug|x64.ActiveCfg = Debug|Any CPU
		{A81A0948-36E1-41BD-9587-0248B9F1CCFD}.Debug|x64.Build.0 = Debug|Any CPU
		{A81A0948-36E1-41BD-9587-0248B9F1CCFD}.Debug|x86.ActiveCfg = Debug|Any CPU
		{A81A0948-36E1-41BD-9587-0248B9F1CCFD}.Debug|x86.Build.0 = Debug|Any CPU
		{A81A0948-36E1-41BD-9587-0248B9F1CCFD}.Release|Any CPU.ActiveCfg = Release|Any CPU
		{A81A0948-36E1-41BD-9587-0248B9F1CCFD}.Release|Any CPU.Build.0 = Release|Any CPU
		{A81A0948-36E1-41BD-9587-0248B9F1CCFD}.Release|x64.ActiveCfg = Release|Any CPU
		{A81A0948-36E1-41BD-9587-0248B9F1CCFD}.Release|x64.Build.0 = Release|Any CPU
		{A81A0948-36E1-41BD-9587-0248B9F1CCFD}.Release|x86.ActiveCfg = Release|Any CPU
		{A81A0948-36E1-41BD-9587-0248B9F1CCFD}.Release|x86.Build.0 = Release|Any CPU
		{42E1DD51-8B6F-4483-AD73-43210D95659B}.Debug|Any CPU.ActiveCfg = Debug|Any CPU
		{42E1DD51-8B6F-4483-AD73-43210D95659B}.Debug|Any CPU.Build.0 = Debug|Any CPU
		{42E1DD51-8B6F-4483-AD73-43210D95659B}.Debug|x64.ActiveCfg = Debug|Any CPU
		{42E1DD51-8B6F-4483-AD73-43210D95659B}.Debug|x64.Build.0 = Debug|Any CPU
		{42E1DD51-8B6F-4483-AD73-43210D95659B}.Debug|x86.ActiveCfg = Debug|Any CPU
		{42E1DD51-8B6F-4483-AD73-43210D95659B}.Debug|x86.Build.0 = Debug|Any CPU
		{42E1DD51-8B6F-4483-AD73-43210D95659B}.Release|Any CPU.ActiveCfg = Release|Any CPU
		{42E1DD51-8B6F-4483-AD73-43210D95659B}.Release|Any CPU.Build.0 = Release|Any CPU
		{42E1DD51-8B6F-4483-AD73-43210D95659B}.Release|x64.ActiveCfg = Release|Any CPU
		{42E1DD51-8B6F-4483-AD73-43210D95659B}.Release|x64.Build.0 = Release|Any CPU
		{42E1DD51-8B6F-4483-AD73-43210D95659B}.Release|x86.ActiveCfg = Release|Any CPU
		{42E1DD51-8B6F-4483-AD73-43210D95659B}.Release|x86.Build.0 = Release|Any CPU
	EndGlobalSection
EndGlobal
